// !$*UTF8*$!
{
	archiveVersion = 1;
	classes = {
	};
	objectVersion = 46;
	objects = {

/* Begin PBXBuildFile section */
		872F7132143E2DB300570045 /* Cocoa.framework in Frameworks */ = {isa = PBXBuildFile; fileRef = 872F7131143E2DB300570045 /* Cocoa.framework */; };
		872F713C143E2DB300570045 /* InfoPlist.strings in Resources */ = {isa = PBXBuildFile; fileRef = 872F713A143E2DB300570045 /* InfoPlist.strings */; };
		872F713F143E2DB300570045 /* main.m in Sources */ = {isa = PBXBuildFile; fileRef = 872F713E143E2DB300570045 /* main.m */; };
		872F7142143E2DB300570045 /* Credits.rtf in Resources */ = {isa = PBXBuildFile; fileRef = 872F7140143E2DB300570045 /* Credits.rtf */; };
		872F7152143E2DB300570045 /* Cocoa.framework in Frameworks */ = {isa = PBXBuildFile; fileRef = 872F7131143E2DB300570045 /* Cocoa.framework */; };
		872F715A143E2DB300570045 /* InfoPlist.strings in Resources */ = {isa = PBXBuildFile; fileRef = 872F7158143E2DB300570045 /* InfoPlist.strings */; };
		872F715D143E2DB300570045 /* CoreDataDependentPropertiesMacTests.h in Resources */ = {isa = PBXBuildFile; fileRef = 872F715C143E2DB300570045 /* CoreDataDependentPropertiesMacTests.h */; };
		872F716B143E2DE800570045 /* LPAutomatedObserving_AppDelegate.m in Sources */ = {isa = PBXBuildFile; fileRef = 872F7169143E2DE800570045 /* LPAutomatedObserving_AppDelegate.m */; };
		872F716C143E2DE800570045 /* CoreDataDependentPropertiesDataModel.xcdatamodel in Sources */ = {isa = PBXBuildFile; fileRef = 872F716A143E2DE800570045 /* CoreDataDependentPropertiesDataModel.xcdatamodel */; };
		872F7176143E2E3100570045 /* LPManagedObject_ObservationInfo.m in Sources */ = {isa = PBXBuildFile; fileRef = 872F716F143E2E3100570045 /* LPManagedObject_ObservationInfo.m */; };
		872F7177143E2E3100570045 /* LPManagedObject.m in Sources */ = {isa = PBXBuildFile; fileRef = 872F7171143E2E3100570045 /* LPManagedObject.m */; };
		872F7178143E2E3100570045 /* LPManagedObjectContext.m in Sources */ = {isa = PBXBuildFile; fileRef = 872F7173143E2E3100570045 /* LPManagedObjectContext.m */; };
		872F7179143E2E3100570045 /* LPManagedObjectObservationInfo.m in Sources */ = {isa = PBXBuildFile; fileRef = 872F7175143E2E3100570045 /* LPManagedObjectObservationInfo.m */; };
		872F7180143E2E3B00570045 /* Customer.m in Sources */ = {isa = PBXBuildFile; fileRef = 872F717B143E2E3B00570045 /* Customer.m */; };
		872F7181143E2E3B00570045 /* Invoice.m in Sources */ = {isa = PBXBuildFile; fileRef = 872F717D143E2E3B00570045 /* Invoice.m */; };
		872F7182143E2E3B00570045 /* Person.m in Sources */ = {isa = PBXBuildFile; fileRef = 872F717F143E2E3B00570045 /* Person.m */; };
		872F7186143E300E00570045 /* MainMenu.xib in Resources */ = {isa = PBXBuildFile; fileRef = 872F7187143E300E00570045 /* MainMenu.xib */; };
		87C115991440224000E2EA33 /* ManagedObjectSenTestCase.m in Sources */ = {isa = PBXBuildFile; fileRef = 872F7189143E309A00570045 /* ManagedObjectSenTestCase.m */; };
		87C1159C1440224000E2EA33 /* CoreDataDependentPropertiesMacTests.m in Sources */ = {isa = PBXBuildFile; fileRef = 872F715E143E2DB300570045 /* CoreDataDependentPropertiesMacTests.m */; };
		87C1159E1440327200E2EA33 /* TestCoreDataDependentPropertiesContextMerge.m in Sources */ = {isa = PBXBuildFile; fileRef = 872F718B143E309A00570045 /* TestCoreDataDependentPropertiesContextMerge.m */; };
		87F14E0E144191D800584183 /* TestLPAutomatedObserving.m in Sources */ = {isa = PBXBuildFile; fileRef = 872F718D143E309A00570045 /* TestLPAutomatedObserving.m */; };
		87F14E10144191DD00584183 /* TestCoreDataDependentPropertiesUndoManager.m in Sources */ = {isa = PBXBuildFile; fileRef = 872F7192143E330700570045 /* TestCoreDataDependentPropertiesUndoManager.m */; };
/* End PBXBuildFile section */

/* Begin PBXContainerItemProxy section */
		872F7153143E2DB300570045 /* PBXContainerItemProxy */ = {
			isa = PBXContainerItemProxy;
			containerPortal = 872F7124143E2DB300570045 /* Project object */;
			proxyType = 1;
			remoteGlobalIDString = 872F712C143E2DB300570045;
			remoteInfo = CoreDataDependentPropertiesMac;
		};
/* End PBXContainerItemProxy section */

/* Begin PBXFileReference section */
		872F712D143E2DB300570045 /* CoreDataDependentPropertiesMac.app */ = {isa = PBXFileReference; explicitFileType = wrapper.application; includeInIndex = 0; path = CoreDataDependentPropertiesMac.app; sourceTree = BUILT_PRODUCTS_DIR; };
		872F7131143E2DB300570045 /* Cocoa.framework */ = {isa = PBXFileReference; lastKnownFileType = wrapper.framework; name = Cocoa.framework; path = System/Library/Frameworks/Cocoa.framework; sourceTree = SDKROOT; };
		872F7134143E2DB300570045 /* AppKit.framework */ = {isa = PBXFileReference; lastKnownFileType = wrapper.framework; name = AppKit.framework; path = System/Library/Frameworks/AppKit.framework; sourceTree = SDKROOT; };
		872F7135143E2DB300570045 /* CoreData.framework */ = {isa = PBXFileReference; lastKnownFileType = wrapper.framework; name = CoreData.framework; path = System/Library/Frameworks/CoreData.framework; sourceTree = SDKROOT; };
		872F7136143E2DB300570045 /* Foundation.framework */ = {isa = PBXFileReference; lastKnownFileType = wrapper.framework; name = Foundation.framework; path = System/Library/Frameworks/Foundation.framework; sourceTree = SDKROOT; };
		872F7139143E2DB300570045 /* CoreDataDependentPropertiesMac-Info.plist */ = {isa = PBXFileReference; lastKnownFileType = text.plist.xml; path = "CoreDataDependentPropertiesMac-Info.plist"; sourceTree = "<group>"; };
		872F713B143E2DB300570045 /* en */ = {isa = PBXFileReference; lastKnownFileType = text.plist.strings; name = en; path = en.lproj/InfoPlist.strings; sourceTree = "<group>"; };
		872F713D143E2DB300570045 /* CoreDataDependentPropertiesMac-Prefix.pch */ = {isa = PBXFileReference; lastKnownFileType = sourcecode.c.h; path = "CoreDataDependentPropertiesMac-Prefix.pch"; sourceTree = "<group>"; };
		872F713E143E2DB300570045 /* main.m */ = {isa = PBXFileReference; lastKnownFileType = sourcecode.c.objc; path = main.m; sourceTree = "<group>"; };
		872F7141143E2DB300570045 /* en */ = {isa = PBXFileReference; lastKnownFileType = text.rtf; name = en; path = en.lproj/Credits.rtf; sourceTree = "<group>"; };
		872F7151143E2DB300570045 /* CoreDataDependentPropertiesMacTests.octest */ = {isa = PBXFileReference; explicitFileType = wrapper.cfbundle; includeInIndex = 0; path = CoreDataDependentPropertiesMacTests.octest; sourceTree = BUILT_PRODUCTS_DIR; };
		872F7157143E2DB300570045 /* CoreDataDependentPropertiesMacTests-Info.plist */ = {isa = PBXFileReference; lastKnownFileType = text.plist.xml; path = "CoreDataDependentPropertiesMacTests-Info.plist"; sourceTree = "<group>"; };
		872F7159143E2DB300570045 /* en */ = {isa = PBXFileReference; lastKnownFileType = text.plist.strings; name = en; path = en.lproj/InfoPlist.strings; sourceTree = "<group>"; };
		872F715B143E2DB300570045 /* CoreDataDependentPropertiesMacTests-Prefix.pch */ = {isa = PBXFileReference; lastKnownFileType = sourcecode.c.h; path = "CoreDataDependentPropertiesMacTests-Prefix.pch"; sourceTree = "<group>"; };
		872F715C143E2DB300570045 /* CoreDataDependentPropertiesMacTests.h */ = {isa = PBXFileReference; lastKnownFileType = sourcecode.c.h; path = CoreDataDependentPropertiesMacTests.h; sourceTree = "<group>"; };
		872F715E143E2DB300570045 /* CoreDataDependentPropertiesMacTests.m */ = {isa = PBXFileReference; lastKnownFileType = sourcecode.c.objc; path = CoreDataDependentPropertiesMacTests.m; sourceTree = "<group>"; };
		872F7168143E2DE800570045 /* LPAutomatedObserving_AppDelegate.h */ = {isa = PBXFileReference; fileEncoding = 4; lastKnownFileType = sourcecode.c.h; name = LPAutomatedObserving_AppDelegate.h; path = ../../LPAutomatedObserving/Classes/LPAutomatedObserving_AppDelegate.h; sourceTree = "<group>"; };
		872F7169143E2DE800570045 /* LPAutomatedObserving_AppDelegate.m */ = {isa = PBXFileReference; fileEncoding = 4; lastKnownFileType = sourcecode.c.objc; name = LPAutomatedObserving_AppDelegate.m; path = ../../LPAutomatedObserving/Classes/LPAutomatedObserving_AppDelegate.m; sourceTree = "<group>"; };
		872F716A143E2DE800570045 /* CoreDataDependentPropertiesDataModel.xcdatamodel */ = {isa = PBXFileReference; lastKnownFileType = wrapper.xcdatamodel; name = CoreDataDependentPropertiesDataModel.xcdatamodel; path = ../../LPAutomatedObserving/CoreDataDependentPropertiesDataModel.xcdatamodel; sourceTree = "<group>"; };
		872F716E143E2E3100570045 /* LPManagedObject_ObservationInfo.h */ = {isa = PBXFileReference; fileEncoding = 4; lastKnownFileType = sourcecode.c.h; name = LPManagedObject_ObservationInfo.h; path = ../LPAutomatedObserving/Classes/LPManagedObject_ObservationInfo.h; sourceTree = "<group>"; };
		872F716F143E2E3100570045 /* LPManagedObject_ObservationInfo.m */ = {isa = PBXFileReference; fileEncoding = 4; lastKnownFileType = sourcecode.c.objc; name = LPManagedObject_ObservationInfo.m; path = ../LPAutomatedObserving/Classes/LPManagedObject_ObservationInfo.m; sourceTree = "<group>"; };
		872F7170143E2E3100570045 /* LPManagedObject.h */ = {isa = PBXFileReference; fileEncoding = 4; lastKnownFileType = sourcecode.c.h; name = LPManagedObject.h; path = ../LPAutomatedObserving/Classes/LPManagedObject.h; sourceTree = "<group>"; };
		872F7171143E2E3100570045 /* LPManagedObject.m */ = {isa = PBXFileReference; fileEncoding = 4; lastKnownFileType = sourcecode.c.objc; name = LPManagedObject.m; path = ../LPAutomatedObserving/Classes/LPManagedObject.m; sourceTree = "<group>"; };
		872F7172143E2E3100570045 /* LPManagedObjectContext.h */ = {isa = PBXFileReference; fileEncoding = 4; lastKnownFileType = sourcecode.c.h; name = LPManagedObjectContext.h; path = ../LPAutomatedObserving/Classes/LPManagedObjectContext.h; sourceTree = "<group>"; };
		872F7173143E2E3100570045 /* LPManagedObjectContext.m */ = {isa = PBXFileReference; fileEncoding = 4; lastKnownFileType = sourcecode.c.objc; name = LPManagedObjectContext.m; path = ../LPAutomatedObserving/Classes/LPManagedObjectContext.m; sourceTree = "<group>"; };
		872F7174143E2E3100570045 /* LPManagedObjectObservationInfo.h */ = {isa = PBXFileReference; fileEncoding = 4; lastKnownFileType = sourcecode.c.h; name = LPManagedObjectObservationInfo.h; path = ../LPAutomatedObserving/Classes/LPManagedObjectObservationInfo.h; sourceTree = "<group>"; };
		872F7175143E2E3100570045 /* LPManagedObjectObservationInfo.m */ = {isa = PBXFileReference; fileEncoding = 4; lastKnownFileType = sourcecode.c.objc; name = LPManagedObjectObservationInfo.m; path = ../LPAutomatedObserving/Classes/LPManagedObjectObservationInfo.m; sourceTree = "<group>"; };
		872F717A143E2E3B00570045 /* Customer.h */ = {isa = PBXFileReference; fileEncoding = 4; lastKnownFileType = sourcecode.c.h; name = Customer.h; path = ../../LPAutomatedObserving/Classes/Customer.h; sourceTree = "<group>"; };
		872F717B143E2E3B00570045 /* Customer.m */ = {isa = PBXFileReference; fileEncoding = 4; lastKnownFileType = sourcecode.c.objc; name = Customer.m; path = ../../LPAutomatedObserving/Classes/Customer.m; sourceTree = "<group>"; };
		872F717C143E2E3B00570045 /* Invoice.h */ = {isa = PBXFileReference; fileEncoding = 4; lastKnownFileType = sourcecode.c.h; name = Invoice.h; path = ../../LPAutomatedObserving/Classes/Invoice.h; sourceTree = "<group>"; };
		872F717D143E2E3B00570045 /* Invoice.m */ = {isa = PBXFileReference; fileEncoding = 4; lastKnownFileType = sourcecode.c.objc; name = Invoice.m; path = ../../LPAutomatedObserving/Classes/Invoice.m; sourceTree = "<group>"; };
		872F717E143E2E3B00570045 /* Person.h */ = {isa = PBXFileReference; fileEncoding = 4; lastKnownFileType = sourcecode.c.h; name = Person.h; path = ../../LPAutomatedObserving/Classes/Person.h; sourceTree = "<group>"; };
		872F717F143E2E3B00570045 /* Person.m */ = {isa = PBXFileReference; fileEncoding = 4; lastKnownFileType = sourcecode.c.objc; name = Person.m; path = ../../LPAutomatedObserving/Classes/Person.m; sourceTree = "<group>"; };
		872F7187143E300E00570045 /* MainMenu.xib */ = {isa = PBXFileReference; lastKnownFileType = file.xib; path = MainMenu.xib; sourceTree = "<group>"; };
		872F7188143E309A00570045 /* ManagedObjectSenTestCase.h */ = {isa = PBXFileReference; fileEncoding = 4; lastKnownFileType = sourcecode.c.h; name = ManagedObjectSenTestCase.h; path = ../../LPAutomatedObserving/Tests/ManagedObjectSenTestCase.h; sourceTree = "<group>"; };
		872F7189143E309A00570045 /* ManagedObjectSenTestCase.m */ = {isa = PBXFileReference; fileEncoding = 4; lastKnownFileType = sourcecode.c.objc; name = ManagedObjectSenTestCase.m; path = ../../LPAutomatedObserving/Tests/ManagedObjectSenTestCase.m; sourceTree = "<group>"; };
		872F718A143E309A00570045 /* TestCoreDataDependentPropertiesContextMerge.h */ = {isa = PBXFileReference; fileEncoding = 4; lastKnownFileType = sourcecode.c.h; name = TestCoreDataDependentPropertiesContextMerge.h; path = ../../LPAutomatedObserving/Tests/TestCoreDataDependentPropertiesContextMerge.h; sourceTree = "<group>"; };
		872F718B143E309A00570045 /* TestCoreDataDependentPropertiesContextMerge.m */ = {isa = PBXFileReference; fileEncoding = 4; lastKnownFileType = sourcecode.c.objc; name = TestCoreDataDependentPropertiesContextMerge.m; path = ../../LPAutomatedObserving/Tests/TestCoreDataDependentPropertiesContextMerge.m; sourceTree = "<group>"; };
		872F718C143E309A00570045 /* TestLPAutomatedObserving.h */ = {isa = PBXFileReference; fileEncoding = 4; lastKnownFileType = sourcecode.c.h; name = TestLPAutomatedObserving.h; path = ../../LPAutomatedObserving/Tests/TestLPAutomatedObserving.h; sourceTree = "<group>"; };
		872F718D143E309A00570045 /* TestLPAutomatedObserving.m */ = {isa = PBXFileReference; fileEncoding = 4; lastKnownFileType = sourcecode.c.objc; name = TestLPAutomatedObserving.m; path = ../../LPAutomatedObserving/Tests/TestLPAutomatedObserving.m; sourceTree = "<group>"; };
		872F7191143E330700570045 /* TestCoreDataDependentPropertiesUndoManager.h */ = {isa = PBXFileReference; fileEncoding = 4; lastKnownFileType = sourcecode.c.h; name = TestCoreDataDependentPropertiesUndoManager.h; path = ../../LPAutomatedObserving/Tests/TestCoreDataDependentPropertiesUndoManager.h; sourceTree = "<group>"; };
		872F7192143E330700570045 /* TestCoreDataDependentPropertiesUndoManager.m */ = {isa = PBXFileReference; fileEncoding = 4; lastKnownFileType = sourcecode.c.objc; name = TestCoreDataDependentPropertiesUndoManager.m; path = ../../LPAutomatedObserving/Tests/TestCoreDataDependentPropertiesUndoManager.m; sourceTree = "<group>"; };
/* End PBXFileReference section */

/* Begin PBXFrameworksBuildPhase section */
		872F712A143E2DB300570045 /* Frameworks */ = {
			isa = PBXFrameworksBuildPhase;
			buildActionMask = 2147483647;
			files = (
				872F7132143E2DB300570045 /* Cocoa.framework in Frameworks */,
			);
			runOnlyForDeploymentPostprocessing = 0;
		};
		872F714D143E2DB300570045 /* Frameworks */ = {
			isa = PBXFrameworksBuildPhase;
			buildActionMask = 2147483647;
			files = (
				872F7152143E2DB300570045 /* Cocoa.framework in Frameworks */,
			);
			runOnlyForDeploymentPostprocessing = 0;
		};
/* End PBXFrameworksBuildPhase section */

/* Begin PBXGroup section */
		872F7122143E2DB300570045 = {
			isa = PBXGroup;
			children = (
				872F716D143E2E0900570045 /* Shared Code */,
				872F7137143E2DB300570045 /* CoreDataDependentPropertiesMac */,
				872F7155143E2DB300570045 /* CoreDataDependentPropertiesMacTests */,
				872F7130143E2DB300570045 /* Frameworks */,
				872F712E143E2DB300570045 /* Products */,
			);
			sourceTree = "<group>";
		};
		872F712E143E2DB300570045 /* Products */ = {
			isa = PBXGroup;
			children = (
				872F712D143E2DB300570045 /* CoreDataDependentPropertiesMac.app */,
				872F7151143E2DB300570045 /* CoreDataDependentPropertiesMacTests.octest */,
			);
			name = Products;
			sourceTree = "<group>";
		};
		872F7130143E2DB300570045 /* Frameworks */ = {
			isa = PBXGroup;
			children = (
				872F7131143E2DB300570045 /* Cocoa.framework */,
				872F7133143E2DB300570045 /* Other Frameworks */,
			);
			name = Frameworks;
			sourceTree = "<group>";
		};
		872F7133143E2DB300570045 /* Other Frameworks */ = {
			isa = PBXGroup;
			children = (
				872F7134143E2DB300570045 /* AppKit.framework */,
				872F7135143E2DB300570045 /* CoreData.framework */,
				872F7136143E2DB300570045 /* Foundation.framework */,
			);
			name = "Other Frameworks";
			sourceTree = "<group>";
		};
		872F7137143E2DB300570045 /* CoreDataDependentPropertiesMac */ = {
			isa = PBXGroup;
			children = (
				872F717A143E2E3B00570045 /* Customer.h */,
				872F717B143E2E3B00570045 /* Customer.m */,
				872F717C143E2E3B00570045 /* Invoice.h */,
				872F717D143E2E3B00570045 /* Invoice.m */,
				872F717E143E2E3B00570045 /* Person.h */,
				872F717F143E2E3B00570045 /* Person.m */,
				872F7168143E2DE800570045 /* LPAutomatedObserving_AppDelegate.h */,
				872F7169143E2DE800570045 /* LPAutomatedObserving_AppDelegate.m */,
				872F716A143E2DE800570045 /* CoreDataDependentPropertiesDataModel.xcdatamodel */,
				872F7138143E2DB300570045 /* Supporting Files */,
			);
			path = CoreDataDependentPropertiesMac;
			sourceTree = "<group>";
		};
		872F7138143E2DB300570045 /* Supporting Files */ = {
			isa = PBXGroup;
			children = (
				872F7187143E300E00570045 /* MainMenu.xib */,
				872F7139143E2DB300570045 /* CoreDataDependentPropertiesMac-Info.plist */,
				872F713A143E2DB300570045 /* InfoPlist.strings */,
				872F713D143E2DB300570045 /* CoreDataDependentPropertiesMac-Prefix.pch */,
				872F713E143E2DB300570045 /* main.m */,
				872F7140143E2DB300570045 /* Credits.rtf */,
			);
			name = "Supporting Files";
			sourceTree = "<group>";
		};
		872F7155143E2DB300570045 /* CoreDataDependentPropertiesMacTests */ = {
			isa = PBXGroup;
			children = (
				872F7188143E309A00570045 /* ManagedObjectSenTestCase.h */,
				872F7189143E309A00570045 /* ManagedObjectSenTestCase.m */,
				872F718A143E309A00570045 /* TestCoreDataDependentPropertiesContextMerge.h */,
				872F718B143E309A00570045 /* TestCoreDataDependentPropertiesContextMerge.m */,
				872F718C143E309A00570045 /* TestLPAutomatedObserving.h */,
				872F718D143E309A00570045 /* TestLPAutomatedObserving.m */,
				872F715C143E2DB300570045 /* CoreDataDependentPropertiesMacTests.h */,
				872F715E143E2DB300570045 /* CoreDataDependentPropertiesMacTests.m */,
				872F7191143E330700570045 /* TestCoreDataDependentPropertiesUndoManager.h */,
				872F7192143E330700570045 /* TestCoreDataDependentPropertiesUndoManager.m */,
				872F7156143E2DB300570045 /* Supporting Files */,
			);
			path = CoreDataDependentPropertiesMacTests;
			sourceTree = "<group>";
		};
		872F7156143E2DB300570045 /* Supporting Files */ = {
			isa = PBXGroup;
			children = (
				872F7157143E2DB300570045 /* CoreDataDependentPropertiesMacTests-Info.plist */,
				872F7158143E2DB300570045 /* InfoPlist.strings */,
				872F715B143E2DB300570045 /* CoreDataDependentPropertiesMacTests-Prefix.pch */,
			);
			name = "Supporting Files";
			sourceTree = "<group>";
		};
		872F716D143E2E0900570045 /* Shared Code */ = {
			isa = PBXGroup;
			children = (
				872F716E143E2E3100570045 /* LPManagedObject_ObservationInfo.h */,
				872F716F143E2E3100570045 /* LPManagedObject_ObservationInfo.m */,
				872F7170143E2E3100570045 /* LPManagedObject.h */,
				872F7171143E2E3100570045 /* LPManagedObject.m */,
				872F7172143E2E3100570045 /* LPManagedObjectContext.h */,
				872F7173143E2E3100570045 /* LPManagedObjectContext.m */,
				872F7174143E2E3100570045 /* LPManagedObjectObservationInfo.h */,
				872F7175143E2E3100570045 /* LPManagedObjectObservationInfo.m */,
			);
			name = "Shared Code";
			sourceTree = "<group>";
		};
/* End PBXGroup section */

/* Begin PBXNativeTarget section */
		872F712C143E2DB300570045 /* CoreDataDependentPropertiesMac */ = {
			isa = PBXNativeTarget;
			buildConfigurationList = 872F7162143E2DB300570045 /* Build configuration list for PBXNativeTarget "CoreDataDependentPropertiesMac" */;
			buildPhases = (
				872F7129143E2DB300570045 /* Sources */,
				872F712A143E2DB300570045 /* Frameworks */,
				872F712B143E2DB300570045 /* Resources */,
			);
			buildRules = (
			);
			dependencies = (
			);
			name = CoreDataDependentPropertiesMac;
			productName = CoreDataDependentPropertiesMac;
			productReference = 872F712D143E2DB300570045 /* CoreDataDependentPropertiesMac.app */;
			productType = "com.apple.product-type.application";
		};
		872F7150143E2DB300570045 /* CoreDataDependentPropertiesMacTests */ = {
			isa = PBXNativeTarget;
			buildConfigurationList = 872F7165143E2DB300570045 /* Build configuration list for PBXNativeTarget "CoreDataDependentPropertiesMacTests" */;
			buildPhases = (
				872F714C143E2DB300570045 /* Sources */,
				872F714D143E2DB300570045 /* Frameworks */,
				872F714E143E2DB300570045 /* Resources */,
				872F714F143E2DB300570045 /* ShellScript */,
			);
			buildRules = (
			);
			dependencies = (
				872F7154143E2DB300570045 /* PBXTargetDependency */,
			);
			name = CoreDataDependentPropertiesMacTests;
			productName = CoreDataDependentPropertiesMacTests;
			productReference = 872F7151143E2DB300570045 /* CoreDataDependentPropertiesMacTests.octest */;
			productType = "com.apple.product-type.bundle";
		};
/* End PBXNativeTarget section */

/* Begin PBXProject section */
		872F7124143E2DB300570045 /* Project object */ = {
			isa = PBXProject;
			buildConfigurationList = 872F7127143E2DB300570045 /* Build configuration list for PBXProject "CoreDataDependentPropertiesMac" */;
			compatibilityVersion = "Xcode 3.2";
			developmentRegion = English;
			hasScannedForEncodings = 0;
			knownRegions = (
				en,
				English,
			);
			mainGroup = 872F7122143E2DB300570045;
			productRefGroup = 872F712E143E2DB300570045 /* Products */;
			projectDirPath = "";
			projectRoot = "";
			targets = (
				872F712C143E2DB300570045 /* CoreDataDependentPropertiesMac */,
				872F7150143E2DB300570045 /* CoreDataDependentPropertiesMacTests */,
			);
		};
/* End PBXProject section */

/* Begin PBXResourcesBuildPhase section */
		872F712B143E2DB300570045 /* Resources */ = {
			isa = PBXResourcesBuildPhase;
			buildActionMask = 2147483647;
			files = (
				872F713C143E2DB300570045 /* InfoPlist.strings in Resources */,
				872F7142143E2DB300570045 /* Credits.rtf in Resources */,
				872F7186143E300E00570045 /* MainMenu.xib in Resources */,
			);
			runOnlyForDeploymentPostprocessing = 0;
		};
		872F714E143E2DB300570045 /* Resources */ = {
			isa = PBXResourcesBuildPhase;
			buildActionMask = 2147483647;
			files = (
				872F715A143E2DB300570045 /* InfoPlist.strings in Resources */,
				872F715D143E2DB300570045 /* CoreDataDependentPropertiesMacTests.h in Resources */,
			);
			runOnlyForDeploymentPostprocessing = 0;
		};
/* End PBXResourcesBuildPhase section */

/* Begin PBXShellScriptBuildPhase section */
		872F714F143E2DB300570045 /* ShellScript */ = {
			isa = PBXShellScriptBuildPhase;
			buildActionMask = 2147483647;
			files = (
			);
			inputPaths = (
			);
			outputPaths = (
			);
			runOnlyForDeploymentPostprocessing = 0;
			shellPath = /bin/sh;
			shellScript = "# Run the unit tests in this test bundle.\n\"${SYSTEM_DEVELOPER_DIR}/Tools/RunUnitTests\"\n";
		};
/* End PBXShellScriptBuildPhase section */

/* Begin PBXSourcesBuildPhase section */
		872F7129143E2DB300570045 /* Sources */ = {
			isa = PBXSourcesBuildPhase;
			buildActionMask = 2147483647;
			files = (
				872F713F143E2DB300570045 /* main.m in Sources */,
				872F716B143E2DE800570045 /* LPAutomatedObserving_AppDelegate.m in Sources */,
				872F716C143E2DE800570045 /* CoreDataDependentPropertiesDataModel.xcdatamodel in Sources */,
				872F7176143E2E3100570045 /* LPManagedObject_ObservationInfo.m in Sources */,
				872F7177143E2E3100570045 /* LPManagedObject.m in Sources */,
				872F7178143E2E3100570045 /* LPManagedObjectContext.m in Sources */,
				872F7179143E2E3100570045 /* LPManagedObjectObservationInfo.m in Sources */,
				872F7180143E2E3B00570045 /* Customer.m in Sources */,
				872F7181143E2E3B00570045 /* Invoice.m in Sources */,
				872F7182143E2E3B00570045 /* Person.m in Sources */,
			);
			runOnlyForDeploymentPostprocessing = 0;
		};
		872F714C143E2DB300570045 /* Sources */ = {
			isa = PBXSourcesBuildPhase;
			buildActionMask = 2147483647;
			files = (
				87C115991440224000E2EA33 /* ManagedObjectSenTestCase.m in Sources */,
				87C1159C1440224000E2EA33 /* CoreDataDependentPropertiesMacTests.m in Sources */,
				87C1159E1440327200E2EA33 /* TestCoreDataDependentPropertiesContextMerge.m in Sources */,
				87F14E0E144191D800584183 /* TestLPAutomatedObserving.m in Sources */,
				87F14E10144191DD00584183 /* TestCoreDataDependentPropertiesUndoManager.m in Sources */,
			);
			runOnlyForDeploymentPostprocessing = 0;
		};
/* End PBXSourcesBuildPhase section */

/* Begin PBXTargetDependency section */
		872F7154143E2DB300570045 /* PBXTargetDependency */ = {
			isa = PBXTargetDependency;
			target = 872F712C143E2DB300570045 /* CoreDataDependentPropertiesMac */;
			targetProxy = 872F7153143E2DB300570045 /* PBXContainerItemProxy */;
		};
/* End PBXTargetDependency section */

/* Begin PBXVariantGroup section */
		872F713A143E2DB300570045 /* InfoPlist.strings */ = {
			isa = PBXVariantGroup;
			children = (
				872F713B143E2DB300570045 /* en */,
			);
			name = InfoPlist.strings;
			sourceTree = "<group>";
		};
		872F7140143E2DB300570045 /* Credits.rtf */ = {
			isa = PBXVariantGroup;
			children = (
				872F7141143E2DB300570045 /* en */,
			);
			name = Credits.rtf;
			sourceTree = "<group>";
		};
		872F7158143E2DB300570045 /* InfoPlist.strings */ = {
			isa = PBXVariantGroup;
			children = (
				872F7159143E2DB300570045 /* en */,
			);
			name = InfoPlist.strings;
			sourceTree = "<group>";
		};
/* End PBXVariantGroup section */

/* Begin XCBuildConfiguration section */
		872F7160143E2DB300570045 /* Debug */ = {
			isa = XCBuildConfiguration;
			buildSettings = {
				ARCHS = "$(ARCHS_STANDARD_32_64_BIT)";
				GCC_C_LANGUAGE_STANDARD = gnu99;
				GCC_OPTIMIZATION_LEVEL = 0;
				GCC_PREPROCESSOR_DEFINITIONS = DEBUG;
				GCC_SYMBOLS_PRIVATE_EXTERN = NO;
				GCC_VERSION = com.apple.compilers.llvm.clang.1_0;
				GCC_WARN_64_TO_32_BIT_CONVERSION = YES;
				GCC_WARN_ABOUT_RETURN_TYPE = YES;
				GCC_WARN_UNUSED_VARIABLE = YES;
				MACOSX_DEPLOYMENT_TARGET = 10.6;
				ONLY_ACTIVE_ARCH = YES;
				SDKROOT = macosx;
			};
			name = Debug;
		};
		872F7161143E2DB300570045 /* Release */ = {
			isa = XCBuildConfiguration;
			buildSettings = {
				ARCHS = "$(ARCHS_STANDARD_32_64_BIT)";
				GCC_C_LANGUAGE_STANDARD = gnu99;
				GCC_VERSION = com.apple.compilers.llvm.clang.1_0;
				GCC_WARN_64_TO_32_BIT_CONVERSION = YES;
				GCC_WARN_ABOUT_RETURN_TYPE = YES;
				GCC_WARN_UNUSED_VARIABLE = YES;
				MACOSX_DEPLOYMENT_TARGET = 10.6;
				SDKROOT = macosx;
			};
			name = Release;
		};
		872F7163143E2DB300570045 /* Debug */ = {
			isa = XCBuildConfiguration;
			buildSettings = {
				ALWAYS_SEARCH_USER_PATHS = NO;
				COPY_PHASE_STRIP = NO;
				GCC_DYNAMIC_NO_PIC = NO;
				GCC_ENABLE_OBJC_EXCEPTIONS = YES;
				GCC_PRECOMPILE_PREFIX_HEADER = YES;
				GCC_PREFIX_HEADER = "CoreDataDependentPropertiesMac/CoreDataDependentPropertiesMac-Prefix.pch";
				INFOPLIST_FILE = "CoreDataDependentPropertiesMac/CoreDataDependentPropertiesMac-Info.plist";
				PRODUCT_NAME = "$(TARGET_NAME)";
				WRAPPER_EXTENSION = app;
			};
			name = Debug;
		};
		872F7164143E2DB300570045 /* Release */ = {
			isa = XCBuildConfiguration;
			buildSettings = {
				ALWAYS_SEARCH_USER_PATHS = NO;
				COPY_PHASE_STRIP = YES;
				DEBUG_INFORMATION_FORMAT = "dwarf-with-dsym";
				GCC_ENABLE_OBJC_EXCEPTIONS = YES;
				GCC_PRECOMPILE_PREFIX_HEADER = YES;
				GCC_PREFIX_HEADER = "CoreDataDependentPropertiesMac/CoreDataDependentPropertiesMac-Prefix.pch";
				INFOPLIST_FILE = "CoreDataDependentPropertiesMac/CoreDataDependentPropertiesMac-Info.plist";
				PRODUCT_NAME = "$(TARGET_NAME)";
				WRAPPER_EXTENSION = app;
			};
			name = Release;
		};
		872F7166143E2DB300570045 /* Debug */ = {
			isa = XCBuildConfiguration;
			buildSettings = {
				ALWAYS_SEARCH_USER_PATHS = NO;
				BUNDLE_LOADER = "$(BUILT_PRODUCTS_DIR)/CoreDataDependentPropertiesMac.app/Contents/MacOS/CoreDataDependentPropertiesMac";
				COPY_PHASE_STRIP = NO;
				FRAMEWORK_SEARCH_PATHS = "$(DEVELOPER_LIBRARY_DIR)/Frameworks";
				GCC_DYNAMIC_NO_PIC = NO;
				GCC_ENABLE_OBJC_EXCEPTIONS = YES;
				GCC_PRECOMPILE_PREFIX_HEADER = YES;
				GCC_PREFIX_HEADER = "CoreDataDependentPropertiesMacTests/CoreDataDependentPropertiesMacTests-Prefix.pch";
				INFOPLIST_FILE = "CoreDataDependentPropertiesMacTests/CoreDataDependentPropertiesMacTests-Info.plist";
				OTHER_LDFLAGS = (
					"-framework",
					SenTestingKit,
				);
				PRODUCT_NAME = "$(TARGET_NAME)";
				TEST_HOST = "$(BUNDLE_LOADER)";
				WRAPPER_EXTENSION = octest;
			};
			name = Debug;
		};
		872F7167143E2DB300570045 /* Release */ = {
			isa = XCBuildConfiguration;
			buildSettings = {
				ALWAYS_SEARCH_USER_PATHS = NO;
				BUNDLE_LOADER = "$(BUILT_PRODUCTS_DIR)/CoreDataDependentPropertiesMac.app/Contents/MacOS/CoreDataDependentPropertiesMac";
				COPY_PHASE_STRIP = YES;
				DEBUG_INFORMATION_FORMAT = "dwarf-with-dsym";
				FRAMEWORK_SEARCH_PATHS = "$(DEVELOPER_LIBRARY_DIR)/Frameworks";
				GCC_ENABLE_OBJC_EXCEPTIONS = YES;
				GCC_PRECOMPILE_PREFIX_HEADER = YES;
				GCC_PREFIX_HEADER = "CoreDataDependentPropertiesMacTests/CoreDataDependentPropertiesMacTests-Prefix.pch";
				INFOPLIST_FILE = "CoreDataDependentPropertiesMacTests/CoreDataDependentPropertiesMacTests-Info.plist";
				OTHER_LDFLAGS = (
					"-framework",
					SenTestingKit,
				);
				PRODUCT_NAME = "$(TARGET_NAME)";
				TEST_HOST = "$(BUNDLE_LOADER)";
				WRAPPER_EXTENSION = octest;
			};
			name = Release;
		};
/* End XCBuildConfiguration section */

/* Begin XCConfigurationList section */
		872F7127143E2DB300570045 /* Build configuration list for PBXProject "CoreDataDependentPropertiesMac" */ = {
			isa = XCConfigurationList;
			buildConfigurations = (
				872F7160143E2DB300570045 /* Debug */,
				872F7161143E2DB300570045 /* Release */,
			);
			defaultConfigurationIsVisible = 0;
			defaultConfigurationName = Release;
		};
		872F7162143E2DB300570045 /* Build configuration list for PBXNativeTarget "CoreDataDependentPropertiesMac" */ = {
			isa = XCConfigurationList;
			buildConfigurations = (
				872F7163143E2DB300570045 /* Debug */,
				872F7164143E2DB300570045 /* Release */,
			);
			defaultConfigurationIsVisible = 0;
			defaultConfigurationName = Release;
		};
		872F7165143E2DB300570045 /* Build configuration list for PBXNativeTarget "CoreDataDependentPropertiesMacTests" */ = {
			isa = XCConfigurationList;
			buildConfigurations = (
				872F7166143E2DB300570045 /* Debug */,
				872F7167143E2DB300570045 /* Release */,
			);
			defaultConfigurationIsVisible = 0;
			defaultConfigurationName = Release;
		};
/* End XCConfigurationList section */
	};
	rootObject = 872F7124143E2DB300570045 /* Project object */;
}
